
Microsoft Visual Studio Solution File, Format Version 12.00
# Visual Studio Version 17
VisualStudioVersion = 17.13.35913.81
MinimumVisualStudioVersion = 10.0.40219.1
Project("{FAE04EC0-301F-11D3-BF4B-00C04F79EFBC}") = "NotBot", "NotBot\NotBot.csproj", "{76DAB5DC-1C73-4138-85F4-761DF19DE721}"
EndProject
Global
	GlobalSection(SolutionConfigurationPlatforms) = preSolution
		Debug|Any CPU = Debug|Any CPU
		Release|Any CPU = Release|Any CPU
	EndGlobalSection
	GlobalSection(ProjectConfigurationPlatforms) = postSolution
		{76DAB5DC-1C73-4138-85F4-761DF19DE721}.Debug|Any CPU.ActiveCfg = Debug|Any CPU
		{76DAB5DC-1C73-4138-85F4-761DF19DE721}.Debug|Any CPU.Build.0 = Debug|Any CPU
		{76DAB5DC-1C73-4138-85F4-761DF19DE721}.Release|Any CPU.ActiveCfg = Release|Any CPU
		{76DAB5DC-1C73-4138-85F4-761DF19DE721}.Release|Any CPU.Build.0 = Release|Any CPU
	EndGlobalSection
	GlobalSection(SolutionProperties) = preSolution
		HideSolutionNode = FALSE
	EndGlobalSection
	GlobalSection(ExtensibilityGlobals) = postSolution
		SolutionGuid = {9685DA4D-0757-4D0C-9CFE-A11AEC4A4F4E}
	EndGlobalSection
EndGlobal
